// !$*UTF8*$!
{
	archiveVersion = 1;
	classes = {
	};
	objectVersion = 50;
	objects = {

/* Begin PBXBuildFile section */
		048EDC6E2122F3160063EFDB /* AppDelegate.swift in Sources */ = {isa = PBXBuildFile; fileRef = 048EDC6D2122F3160063EFDB /* AppDelegate.swift */; };
		048EDC702122F3160063EFDB /* ViewController.swift in Sources */ = {isa = PBXBuildFile; fileRef = 048EDC6F2122F3160063EFDB /* ViewController.swift */; };
		048EDC752122F3180063EFDB /* Assets.xcassets in Resources */ = {isa = PBXBuildFile; fileRef = 048EDC742122F3180063EFDB /* Assets.xcassets */; };
		048EDC782122F3180063EFDB /* LaunchScreen.storyboard in Resources */ = {isa = PBXBuildFile; fileRef = 048EDC762122F3180063EFDB /* LaunchScreen.storyboard */; };
		04FE77DD2150E194003492BC /* CustomTabBarController.swift in Sources */ = {isa = PBXBuildFile; fileRef = 04FE77DC2150E194003492BC /* CustomTabBarController.swift */; };
		04FE77DF2150E586003492BC /* OtherControllers.swift in Sources */ = {isa = PBXBuildFile; fileRef = 04FE77DE2150E586003492BC /* OtherControllers.swift */; };
/* End PBXBuildFile section */

/* Begin PBXFileReference section */
		048EDC6A2122F3160063EFDB /* Mdaam_FBFeed.app */ = {isa = PBXFileReference; explicitFileType = wrapper.application; includeInIndex = 0; path = Mdaam_FBFeed.app; sourceTree = BUILT_PRODUCTS_DIR; };
		048EDC6D2122F3160063EFDB /* AppDelegate.swift */ = {isa = PBXFileReference; lastKnownFileType = sourcecode.swift; path = AppDelegate.swift; sourceTree = "<group>"; };
		048EDC6F2122F3160063EFDB /* ViewController.swift */ = {isa = PBXFileReference; lastKnownFileType = sourcecode.swift; path = ViewController.swift; sourceTree = "<group>"; };
		048EDC742122F3180063EFDB /* Assets.xcassets */ = {isa = PBXFileReference; lastKnownFileType = folder.assetcatalog; path = Assets.xcassets; sourceTree = "<group>"; };
		048EDC772122F3180063EFDB /* Base */ = {isa = PBXFileReference; lastKnownFileType = file.storyboard; name = Base; path = Base.lproj/LaunchScreen.storyboard; sourceTree = "<group>"; };
		048EDC792122F3180063EFDB /* Info.plist */ = {isa = PBXFileReference; lastKnownFileType = text.plist.xml; path = Info.plist; sourceTree = "<group>"; };
		04FE77DC2150E194003492BC /* CustomTabBarController.swift */ = {isa = PBXFileReference; lastKnownFileType = sourcecode.swift; path = CustomTabBarController.swift; sourceTree = "<group>"; };
		04FE77DE2150E586003492BC /* OtherControllers.swift */ = {isa = PBXFileReference; lastKnownFileType = sourcecode.swift; path = OtherControllers.swift; sourceTree = "<group>"; };
/* End PBXFileReference section */

/* Begin PBXFrameworksBuildPhase section */
		048EDC672122F3160063EFDB /* Frameworks */ = {
			isa = PBXFrameworksBuildPhase;
			buildActionMask = 2147483647;
			files = (
			);
			runOnlyForDeploymentPostprocessing = 0;
		};
/* End PBXFrameworksBuildPhase section */

/* Begin PBXGroup section */
		048EDC612122F3160063EFDB = {
			isa = PBXGroup;
			children = (
				048EDC6C2122F3160063EFDB /* Mdaam_FBFeed */,
				048EDC6B2122F3160063EFDB /* Products */,
			);
			sourceTree = "<group>";
		};
		048EDC6B2122F3160063EFDB /* Products */ = {
			isa = PBXGroup;
			children = (
				048EDC6A2122F3160063EFDB /* Mdaam_FBFeed.app */,
			);
			name = Products;
			sourceTree = "<group>";
		};
		048EDC6C2122F3160063EFDB /* Mdaam_FBFeed */ = {
			isa = PBXGroup;
			children = (
				048EDC6D2122F3160063EFDB /* AppDelegate.swift */,
				048EDC6F2122F3160063EFDB /* ViewController.swift */,
				048EDC742122F3180063EFDB /* Assets.xcassets */,
				048EDC762122F3180063EFDB /* LaunchScreen.storyboard */,
				048EDC792122F3180063EFDB /* Info.plist */,
				04FE77DC2150E194003492BC /* CustomTabBarController.swift */,
				04FE77DE2150E586003492BC /* OtherControllers.swift */,
			);
			path = Mdaam_FBFeed;
			sourceTree = "<group>";
		};
/* End PBXGroup section */

/* Begin PBXNativeTarget section */
		048EDC692122F3160063EFDB /* Mdaam_FBFeed */ = {
			isa = PBXNativeTarget;
			buildConfigurationList = 048EDC7C2122F3180063EFDB /* Build configuration list for PBXNativeTarget "Mdaam_FBFeed" */;
			buildPhases = (
				048EDC662122F3160063EFDB /* Sources */,
				048EDC672122F3160063EFDB /* Frameworks */,
				048EDC682122F3160063EFDB /* Resources */,
			);
			buildRules = (
			);
			dependencies = (
			);
			name = Mdaam_FBFeed;
			productName = Mdaam_FBFeed;
			productReference = 048EDC6A2122F3160063EFDB /* Mdaam_FBFeed.app */;
			productType = "com.apple.product-type.application";
		};
/* End PBXNativeTarget section */

/* Begin PBXProject section */
		048EDC622122F3160063EFDB /* Project object */ = {
			isa = PBXProject;
			attributes = {
				LastSwiftUpdateCheck = 0940;
				LastUpgradeCheck = 0940;
				ORGANIZATIONNAME = "Rona Rago";
				TargetAttributes = {
					048EDC692122F3160063EFDB = {
						CreatedOnToolsVersion = 9.4.1;
					};
				};
			};
			buildConfigurationList = 048EDC652122F3160063EFDB /* Build configuration list for PBXProject "Mdaam_FBFeed" */;
			compatibilityVersion = "Xcode 9.3";
			developmentRegion = en;
			hasScannedForEncodings = 0;
			knownRegions = (
				en,
				Base,
			);
			mainGroup = 048EDC612122F3160063EFDB;
			productRefGroup = 048EDC6B2122F3160063EFDB /* Products */;
			projectDirPath = "";
			projectRoot = "";
			targets = (
				048EDC692122F3160063EFDB /* Mdaam_FBFeed */,
			);
		};
/* End PBXProject section */

/* Begin PBXResourcesBuildPhase section */
		048EDC682122F3160063EFDB /* Resources */ = {
			isa = PBXResourcesBuildPhase;
			buildActionMask = 2147483647;
			files = (
				048EDC782122F3180063EFDB /* LaunchScreen.storyboard in Resources */,
				048EDC752122F3180063EFDB /* Assets.xcassets in Resources */,
			);
			runOnlyForDeploymentPostprocessing = 0;
		};
/* End PBXResourcesBuildPhase section */

/* Begin PBXSourcesBuildPhase section */
		048EDC662122F3160063EFDB /* Sources */ = {
			isa = PBXSourcesBuildPhase;
			buildActionMask = 2147483647;
			files = (
				048EDC702122F3160063EFDB /* ViewController.swift in Sources */,
				048EDC6E2122F3160063EFDB /* AppDelegate.swift in Sources */,
				04FE77DF2150E586003492BC /* OtherControllers.swift in Sources */,
				04FE77DD2150E194003492BC /* CustomTabBarController.swift in Sources */,
			);
			runOnlyForDeploymentPostprocessing = 0;
		};
/* End PBXSourcesBuildPhase section */

/* Begin PBXVariantGroup section */
		048EDC762122F3180063EFDB /* LaunchScreen.storyboard */ = {
			isa = PBXVariantGroup;
			children = (
				048EDC772122F3180063EFDB /* Base */,
			);
			name = LaunchScreen.storyboard;
			sourceTree = "<group>";
		};
/* End PBXVariantGroup section */

/* Begin XCBuildConfiguration section */
		048EDC7A2122F3180063EFDB /* Debug */ = {
			isa = XCBuildConfiguration;
			buildSettings = {
				ALWAYS_SEARCH_USER_PATHS = NO;
				CLANG_ANALYZER_NONNULL = YES;
				CLANG_ANALYZER_NUMBER_OBJECT_CONVERSION = YES_AGGRESSIVE;
				CLANG_CXX_LANGUAGE_STANDARD = "gnu++14";
				CLANG_CXX_LIBRARY = "libc++";
				CLANG_ENABLE_MODULES = YES;
				CLANG_ENABLE_OBJC_ARC = YES;
				CLANG_ENABLE_OBJC_WEAK = YES;
				CLANG_WARN_BLOCK_CAPTURE_AUTORELEASING = YES;
				CLANG_WARN_BOOL_CONVERSION = YES;
				CLANG_WARN_COMMA = YES;
				CLANG_WARN_CONSTANT_CONVERSION = YES;
				CLANG_WARN_DEPRECATED_OBJC_IMPLEMENTATIONS = YES;
				CLANG_WARN_DIRECT_OBJC_ISA_USAGE = YES_ERROR;
				CLANG_WARN_DOCUMENTATION_COMMENTS = YES;
				CLANG_WARN_EMPTY_BODY = YES;
				CLANG_WARN_ENUM_CONVERSION = YES;
				CLANG_WARN_INFINITE_RECURSION = YES;
				CLANG_WARN_INT_CONVERSION = YES;
				CLANG_WARN_NON_LITERAL_NULL_CONVERSION = YES;
				CLANG_WARN_OBJC_IMPLICIT_RETAIN_SELF = YES;
				CLANG_WARN_OBJC_LITERAL_CONVERSION = YES;
				CLANG_WARN_OBJC_ROOT_CLASS = YES_ERROR;
				CLANG_WARN_RANGE_LOOP_ANALYSIS = YES;
				CLANG_WARN_STRICT_PROTOTYPES = YES;
				CLANG_WARN_SUSPICIOUS_MOVE = YES;
				CLANG_WARN_UNGUARDED_AVAILABILITY = YES_AGGRESSIVE;
				CLANG_WARN_UNREACHABLE_CODE = YES;
				CLANG_WARN__DUPLICATE_METHOD_MATCH = YES;
				CODE_SIGN_IDENTITY = "iPhone Developer";
				COPY_PHASE_STRIP = NO;
				DEBUG_INFORMATION_FORMAT = dwarf;
				ENABLE_STRICT_OBJC_MSGSEND = YES;
				ENABLE_TESTABILITY = YES;
				GCC_C_LANGUAGE_STANDARD = gnu11;
				GCC_DYNAMIC_NO_PIC = NO;
				GCC_NO_COMMON_BLOCKS = YES;
				GCC_OPTIMIZATION_LEVEL = 0;
				GCC_PREPROCESSOR_DEFINITIONS = (
					"DEBUG=1",
					"$(inherited)",
				);
				GCC_WARN_64_TO_32_BIT_CONVERSION = YES;
				GCC_WARN_ABOUT_RETURN_TYPE = YES_ERROR;
				GCC_WARN_UNDECLARED_SELECTOR = YES;
				GCC_WARN_UNINITIALIZED_AUTOS = YES_AGGRESSIVE;
				GCC_WARN_UNUSED_FUNCTION = YES;
				GCC_WARN_UNUSED_VARIABLE = YES;
				IPHONEOS_DEPLOYMENT_TARGET = 11.4;
				MTL_ENABLE_DEBUG_INFO = YES;
				ONLY_ACTIVE_ARCH = YES;
				SDKROOT = iphoneos;
				SWIFT_ACTIVE_COMPILATION_CONDITIONS = DEBUG;
				SWIFT_OPTIMIZATION_LEVEL = "-Onone";
			};
			name = Debug;
		};
		048EDC7B2122F3180063EFDB /* Release */ = {
			isa = XCBuildConfiguration;
			buildSettings = {
				ALWAYS_SEARCH_USER_PATHS = NO;
				CLANG_ANALYZER_NONNULL = YES;
				CLANG_ANALYZER_NUMBER_OBJECT_CONVERSION = YES_AGGRESSIVE;
				CLANG_CXX_LANGUAGE_STANDARD = "gnu++14";
				CLANG_CXX_LIBRARY = "libc++";
				CLANG_ENABLE_MODULES = YES;
				CLANG_ENABLE_OBJC_ARC = YES;
				CLANG_ENABLE_OBJC_WEAK = YES;
				CLANG_WARN_BLOCK_CAPTURE_AUTORELEASING = YES;
				CLANG_WARN_BOOL_CONVERSION = YES;
				CLANG_WARN_COMMA = YES;
				CLANG_WARN_CONSTANT_CONVERSION = YES;
				CLANG_WARN_DEPRECATED_OBJC_IMPLEMENTATIONS = YES;
				CLANG_WARN_DIRECT_OBJC_ISA_USAGE = YES_ERROR;
				CLANG_WARN_DOCUMENTATION_COMMENTS = YES;
				CLANG_WARN_EMPTY_BODY = YES;
				CLANG_WARN_ENUM_CONVERSION = YES;
				CLANG_WARN_INFINITE_RECURSION = YES;
				CLANG_WARN_INT_CONVERSION = YES;
				CLANG_WARN_NON_LITERAL_NULL_CONVERSION = YES;
				CLANG_WARN_OBJC_IMPLICIT_RETAIN_SELF = YES;
				CLANG_WARN_OBJC_LITERAL_CONVERSION = YES;
				CLANG_WARN_OBJC_ROOT_CLASS = YES_ERROR;
				CLANG_WARN_RANGE_LOOP_ANALYSIS = YES;
				CLANG_WARN_STRICT_PROTOTYPES = YES;
				CLANG_WARN_SUSPICIOUS_MOVE = YES;
				CLANG_WARN_UNGUARDED_AVAILABILITY = YES_AGGRESSIVE;
				CLANG_WARN_UNREACHABLE_CODE = YES;
				CLANG_WARN__DUPLICATE_METHOD_MATCH = YES;
				CODE_SIGN_IDENTITY = "iPhone Developer";
				COPY_PHASE_STRIP = NO;
				DEBUG_INFORMATION_FORMAT = "dwarf-with-dsym";
				ENABLE_NS_ASSERTIONS = NO;
				ENABLE_STRICT_OBJC_MSGSEND = YES;
				GCC_C_LANGUAGE_STANDARD = gnu11;
				GCC_NO_COMMON_BLOCKS = YES;
				GCC_WARN_64_TO_32_BIT_CONVERSION = YES;
				GCC_WARN_ABOUT_RETURN_TYPE = YES_ERROR;
				GCC_WARN_UNDECLARED_SELECTOR = YES;
				GCC_WARN_UNINITIALIZED_AUTOS = YES_AGGRESSIVE;
				GCC_WARN_UNUSED_FUNCTION = YES;
				GCC_WARN_UNUSED_VARIABLE = YES;
				IPHONEOS_DEPLOYMENT_TARGET = 11.4;
				MTL_ENABLE_DEBUG_INFO = NO;
				SDKROOT = iphoneos;
				SWIFT_COMPILATION_MODE = wholemodule;
				SWIFT_OPTIMIZATION_LEVEL = "-O";
				VALIDATE_PRODUCT = YES;
			};
			name = Release;
		};
		048EDC7D2122F3180063EFDB /* Debug */ = {
			isa = XCBuildConfiguration;
			buildSettings = {
				ASSETCATALOG_COMPILER_APPICON_NAME = AppIcon;
				CODE_SIGN_STYLE = Automatic;
				DEVELOPMENT_TEAM = 5329PT9KH7;
				INFOPLIST_FILE = Mdaam_FBFeed/Info.plist;
				LD_RUNPATH_SEARCH_PATHS = (
					"$(inherited)",
					"@executable_path/Frameworks",
				);
				PRODUCT_BUNDLE_IDENTIFIER = "madaam-runa.Mdaam-FBFeed";
				PRODUCT_NAME = "$(TARGET_NAME)";
				SWIFT_VERSION = 4.0;
				TARGETED_DEVICE_FAMILY = "1,2";
			};
			name = Debug;
		};
		048EDC7E2122F3180063EFDB /* Release */ = {
			isa = XCBuildConfiguration;
			buildSettings = {
				ASSETCATALOG_COMPILER_APPICON_NAME = AppIcon;
				CODE_SIGN_STYLE = Automatic;
				DEVELOPMENT_TEAM = 5329PT9KH7;
				INFOPLIST_FILE = Mdaam_FBFeed/Info.plist;
				LD_RUNPATH_SEARCH_PATHS = (
					"$(inherited)",
					"@executable_path/Frameworks",
				);
				PRODUCT_BUNDLE_IDENTIFIER = "madaam-runa.Mdaam-FBFeed";
				PRODUCT_NAME = "$(TARGET_NAME)";
				SWIFT_VERSION = 4.0;
				TARGETED_DEVICE_FAMILY = "1,2";
			};
			name = Release;
		};
/* End XCBuildConfiguration section */

/* Begin XCConfigurationList section */
		048EDC652122F3160063EFDB /* Build configuration list for PBXProject "Mdaam_FBFeed" */ = {
			isa = XCConfigurationList;
			buildConfigurations = (
				048EDC7A2122F3180063EFDB /* Debug */,
				048EDC7B2122F3180063EFDB /* Release */,
			);
			defaultConfigurationIsVisible = 0;
			defaultConfigurationName = Release;
		};
		048EDC7C2122F3180063EFDB /* Build configuration list for PBXNativeTarget "Mdaam_FBFeed" */ = {
			isa = XCConfigurationList;
			buildConfigurations = (
				048EDC7D2122F3180063EFDB /* Debug */,
				048EDC7E2122F3180063EFDB /* Release */,
			);
			defaultConfigurationIsVisible = 0;
			defaultConfigurationName = Release;
		};
/* End XCConfigurationList section */
	};
	rootObject = 048EDC622122F3160063EFDB /* Project object */;
}
